
Microsoft Visual Studio Solution File, Format Version 12.00
# Visual Studio Version 17
VisualStudioVersion = 17.8.34525.116
MinimumVisualStudioVersion = 10.0.40219.1
Project("{9A19103F-16F7-4668-BE54-9A1E7A4F7556}") = "RailRoadStationModel", "RailRoadStationModel.csproj", "{29781338-7EBB-41A0-8713-A686194A2904}"
EndProject
Project("{FAE04EC0-301F-11D3-BF4B-00C04F79EFBC}") = "RailRoadStationModelTests", "..\RailRoadStationModelTests\RailRoadStationModelTests.csproj", "{6A9A36BC-9763-4E83-882E-16F447CB89B8}"
EndProject
Global
	GlobalSection(SolutionConfigurationPlatforms) = preSolution
		Debug|Any CPU = Debug|Any CPU
		Release|Any CPU = Release|Any CPU
	EndGlobalSection
	GlobalSection(ProjectConfigurationPlatforms) = postSolution
		{29781338-7EBB-41A0-8713-A686194A2904}.Debug|Any CPU.ActiveCfg = Debug|Any CPU
		{29781338-7EBB-41A0-8713-A686194A2904}.Debug|Any CPU.Build.0 = Debug|Any CPU
		{29781338-7EBB-41A0-8713-A686194A2904}.Release|Any CPU.ActiveCfg = Release|Any CPU
		{29781338-7EBB-41A0-8713-A686194A2904}.Release|Any CPU.Build.0 = Release|Any CPU
		{6A9A36BC-9763-4E83-882E-16F447CB89B8}.Debug|Any CPU.ActiveCfg = Debug|Any CPU
		{6A9A36BC-9763-4E83-882E-16F447CB89B8}.Debug|Any CPU.Build.0 = Debug|Any CPU
		{6A9A36BC-9763-4E83-882E-16F447CB89B8}.Release|Any CPU.ActiveCfg = Release|Any CPU
		{6A9A36BC-9763-4E83-882E-16F447CB89B8}.Release|Any CPU.Build.0 = Release|Any CPU
	EndGlobalSection
	GlobalSection(SolutionProperties) = preSolution
		HideSolutionNode = FALSE
	EndGlobalSection
	GlobalSection(ExtensibilityGlobals) = postSolution
		SolutionGuid = {2C52A33A-D132-4F6B-8B78-8B8085933461}
	EndGlobalSection
EndGlobal
